// !$*UTF8*$!
{
	archiveVersion = 1;
	classes = {
	};
	objectVersion = 46;
	objects = {

/* Begin PBXBuildFile section */
		65A18C6E1D1AD03100C5C886 /* AppDelegate.swift in Sources */ = {isa = PBXBuildFile; fileRef = 65A18C6D1D1AD03100C5C886 /* AppDelegate.swift */; };
		65A18C701D1AD03100C5C886 /* GameScene.sks in Resources */ = {isa = PBXBuildFile; fileRef = 65A18C6F1D1AD03100C5C886 /* GameScene.sks */; };
		65A18C721D1AD03100C5C886 /* GameScene.swift in Sources */ = {isa = PBXBuildFile; fileRef = 65A18C711D1AD03100C5C886 /* GameScene.swift */; };
		65A18C741D1AD03100C5C886 /* GameViewController.swift in Sources */ = {isa = PBXBuildFile; fileRef = 65A18C731D1AD03100C5C886 /* GameViewController.swift */; };
		65A18C771D1AD03100C5C886 /* Main.storyboard in Resources */ = {isa = PBXBuildFile; fileRef = 65A18C751D1AD03100C5C886 /* Main.storyboard */; };
		65A18C791D1AD03100C5C886 /* Assets.xcassets in Resources */ = {isa = PBXBuildFile; fileRef = 65A18C781D1AD03100C5C886 /* Assets.xcassets */; };
		65A18C7C1D1AD03100C5C886 /* LaunchScreen.storyboard in Resources */ = {isa = PBXBuildFile; fileRef = 65A18C7A1D1AD03100C5C886 /* LaunchScreen.storyboard */; };
/* End PBXBuildFile section */

/* Begin PBXFileReference section */
		65A18C6A1D1AD03100C5C886 /* flybird.app */ = {isa = PBXFileReference; explicitFileType = wrapper.application; includeInIndex = 0; path = flybird.app; sourceTree = BUILT_PRODUCTS_DIR; };
		65A18C6D1D1AD03100C5C886 /* AppDelegate.swift */ = {isa = PBXFileReference; lastKnownFileType = sourcecode.swift; path = AppDelegate.swift; sourceTree = "<group>"; };
		65A18C6F1D1AD03100C5C886 /* GameScene.sks */ = {isa = PBXFileReference; lastKnownFileType = file.sks; path = GameScene.sks; sourceTree = "<group>"; };
		65A18C711D1AD03100C5C886 /* GameScene.swift */ = {isa = PBXFileReference; lastKnownFileType = sourcecode.swift; path = GameScene.swift; sourceTree = "<group>"; };
		65A18C731D1AD03100C5C886 /* GameViewController.swift */ = {isa = PBXFileReference; lastKnownFileType = sourcecode.swift; path = GameViewController.swift; sourceTree = "<group>"; };
		65A18C761D1AD03100C5C886 /* Base */ = {isa = PBXFileReference; lastKnownFileType = file.storyboard; name = Base; path = Base.lproj/Main.storyboard; sourceTree = "<group>"; };
		65A18C781D1AD03100C5C886 /* Assets.xcassets */ = {isa = PBXFileReference; lastKnownFileType = folder.assetcatalog; path = Assets.xcassets; sourceTree = "<group>"; };
		65A18C7B1D1AD03100C5C886 /* Base */ = {isa = PBXFileReference; lastKnownFileType = file.storyboard; name = Base; path = Base.lproj/LaunchScreen.storyboard; sourceTree = "<group>"; };
		65A18C7D1D1AD03100C5C886 /* Info.plist */ = {isa = PBXFileReference; lastKnownFileType = text.plist.xml; path = Info.plist; sourceTree = "<group>"; };
/* End PBXFileReference section */

/* Begin PBXFrameworksBuildPhase section */
		65A18C671D1AD03100C5C886 /* Frameworks */ = {
			isa = PBXFrameworksBuildPhase;
			buildActionMask = 2147483647;
			files = (
			);
			runOnlyForDeploymentPostprocessing = 0;
		};
/* End PBXFrameworksBuildPhase section */

/* Begin PBXGroup section */
		65A18C611D1AD03100C5C886 = {
			isa = PBXGroup;
			children = (
				65A18C6C1D1AD03100C5C886 /* flybird */,
				65A18C6B1D1AD03100C5C886 /* Products */,
			);
			sourceTree = "<group>";
		};
		65A18C6B1D1AD03100C5C886 /* Products */ = {
			isa = PBXGroup;
			children = (
				65A18C6A1D1AD03100C5C886 /* flybird.app */,
			);
			name = Products;
			sourceTree = "<group>";
		};
		65A18C6C1D1AD03100C5C886 /* flybird */ = {
			isa = PBXGroup;
			children = (
				65A18C6D1D1AD03100C5C886 /* AppDelegate.swift */,
				65A18C6F1D1AD03100C5C886 /* GameScene.sks */,
				65A18C711D1AD03100C5C886 /* GameScene.swift */,
				65A18C731D1AD03100C5C886 /* GameViewController.swift */,
				65A18C751D1AD03100C5C886 /* Main.storyboard */,
				65A18C781D1AD03100C5C886 /* Assets.xcassets */,
				65A18C7A1D1AD03100C5C886 /* LaunchScreen.storyboard */,
				65A18C7D1D1AD03100C5C886 /* Info.plist */,
			);
			path = flybird;
			sourceTree = "<group>";
		};
/* End PBXGroup section */

/* Begin PBXNativeTarget section */
		65A18C691D1AD03100C5C886 /* flybird */ = {
			isa = PBXNativeTarget;
			buildConfigurationList = 65A18C801D1AD03100C5C886 /* Build configuration list for PBXNativeTarget "flybird" */;
			buildPhases = (
				65A18C661D1AD03100C5C886 /* Sources */,
				65A18C671D1AD03100C5C886 /* Frameworks */,
				65A18C681D1AD03100C5C886 /* Resources */,
			);
			buildRules = (
			);
			dependencies = (
			);
			name = flybird;
			productName = flybird;
			productReference = 65A18C6A1D1AD03100C5C886 /* flybird.app */;
			productType = "com.apple.product-type.application";
		};
/* End PBXNativeTarget section */

/* Begin PBXProject section */
		65A18C621D1AD03100C5C886 /* Project object */ = {
			isa = PBXProject;
			attributes = {
				LastSwiftUpdateCheck = 0730;
				LastUpgradeCheck = 0730;
				ORGANIZATIONNAME = tommy;
				TargetAttributes = {
					65A18C691D1AD03100C5C886 = {
						CreatedOnToolsVersion = 7.3;
						DevelopmentTeam = 3XVKUNBXP8;
					};
				};
			};
			buildConfigurationList = 65A18C651D1AD03100C5C886 /* Build configuration list for PBXProject "flybird" */;
			compatibilityVersion = "Xcode 3.2";
			developmentRegion = English;
			hasScannedForEncodings = 0;
			knownRegions = (
				en,
				Base,
			);
			mainGroup = 65A18C611D1AD03100C5C886;
			productRefGroup = 65A18C6B1D1AD03100C5C886 /* Products */;
			projectDirPath = "";
			projectRoot = "";
			targets = (
				65A18C691D1AD03100C5C886 /* flybird */,
			);
		};
/* End PBXProject section */

/* Begin PBXResourcesBuildPhase section */
		65A18C681D1AD03100C5C886 /* Resources */ = {
			isa = PBXResourcesBuildPhase;
			buildActionMask = 2147483647;
			files = (
				65A18C701D1AD03100C5C886 /* GameScene.sks in Resources */,
				65A18C7C1D1AD03100C5C886 /* LaunchScreen.storyboard in Resources */,
				65A18C791D1AD03100C5C886 /* Assets.xcassets in Resources */,
				65A18C771D1AD03100C5C886 /* Main.storyboard in Resources */,
			);
			runOnlyForDeploymentPostprocessing = 0;
		};
/* End PBXResourcesBuildPhase section */

/* Begin PBXSourcesBuildPhase section */
		65A18C661D1AD03100C5C886 /* Sources */ = {
			isa = PBXSourcesBuildPhase;
			buildActionMask = 2147483647;
			files = (
				65A18C721D1AD03100C5C886 /* GameScene.swift in Sources */,
				65A18C741D1AD03100C5C886 /* GameViewController.swift in Sources */,
				65A18C6E1D1AD03100C5C886 /* AppDelegate.swift in Sources */,
			);
			runOnlyForDeploymentPostprocessing = 0;
		};
/* End PBXSourcesBuildPhase section */

/* Begin PBXVariantGroup section */
		65A18C751D1AD03100C5C886 /* Main.storyboard */ = {
			isa = PBXVariantGroup;
			children = (
				65A18C761D1AD03100C5C886 /* Base */,
			);
			name = Main.storyboard;
			sourceTree = "<group>";
		};
		65A18C7A1D1AD03100C5C886 /* LaunchScreen.storyboard */ = {
			isa = PBXVariantGroup;
			children = (
				65A18C7B1D1AD03100C5C886 /* Base */,
			);
			name = LaunchScreen.storyboard;
			sourceTree = "<group>";
		};
/* End PBXVariantGroup section */

/* Begin XCBuildConfiguration section */
		65A18C7E1D1AD03100C5C886 /* Debug */ = {
			isa = XCBuildConfiguration;
			buildSettings = {
				ALWAYS_SEARCH_USER_PATHS = NO;
				CLANG_ANALYZER_NONNULL = YES;
				CLANG_CXX_LANGUAGE_STANDARD = "gnu++0x";
				CLANG_CXX_LIBRARY = "libc++";
				CLANG_ENABLE_MODULES = YES;
				CLANG_ENABLE_OBJC_ARC = YES;
				CLANG_WARN_BOOL_CONVERSION = YES;
				CLANG_WARN_CONSTANT_CONVERSION = YES;
				CLANG_WARN_DIRECT_OBJC_ISA_USAGE = YES_ERROR;
				CLANG_WARN_EMPTY_BODY = YES;
				CLANG_WARN_ENUM_CONVERSION = YES;
				CLANG_WARN_INT_CONVERSION = YES;
				CLANG_WARN_OBJC_ROOT_CLASS = YES_ERROR;
				CLANG_WARN_UNREACHABLE_CODE = YES;
				CLANG_WARN__DUPLICATE_METHOD_MATCH = YES;
				"CODE_SIGN_IDENTITY[sdk=iphoneos*]" = "iPhone Developer";
				COPY_PHASE_STRIP = NO;
				DEBUG_INFORMATION_FORMAT = "dwarf-with-dsym";
				ENABLE_STRICT_OBJC_MSGSEND = YES;
				ENABLE_TESTABILITY = YES;
				GCC_C_LANGUAGE_STANDARD = gnu99;
				GCC_DYNAMIC_NO_PIC = NO;
				GCC_NO_COMMON_BLOCKS = YES;
				GCC_OPTIMIZATION_LEVEL = 0;
				GCC_PREPROCESSOR_DEFINITIONS = (
					"DEBUG=1",
					"$(inherited)",
				);
				GCC_WARN_64_TO_32_BIT_CONVERSION = YES;
				GCC_WARN_ABOUT_RETURN_TYPE = YES_ERROR;
				GCC_WARN_UNDECLARED_SELECTOR = YES;
				GCC_WARN_UNINITIALIZED_AUTOS = YES_AGGRESSIVE;
				GCC_WARN_UNUSED_FUNCTION = YES;
				GCC_WARN_UNUSED_VARIABLE = YES;
				IPHONEOS_DEPLOYMENT_TARGET = 9.3;
				MTL_ENABLE_DEBUG_INFO = YES;
				ONLY_ACTIVE_ARCH = YES;
				SDKROOT = iphoneos;
				SWIFT_OPTIMIZATION_LEVEL = "-Onone";
			};
			name = Debug;
		};
		65A18C7F1D1AD03100C5C886 /* Release */ = {
			isa = XCBuildConfiguration;
			buildSettings = {
				ALWAYS_SEARCH_USER_PATHS = NO;
				CLANG_ANALYZER_NONNULL = YES;
				CLANG_CXX_LANGUAGE_STANDARD = "gnu++0x";
				CLANG_CXX_LIBRARY = "libc++";
				CLANG_ENABLE_MODULES = YES;
				CLANG_ENABLE_OBJC_ARC = YES;
				CLANG_WARN_BOOL_CONVERSION = YES;
				CLANG_WARN_CONSTANT_CONVERSION = YES;
				CLANG_WARN_DIRECT_OBJC_ISA_USAGE = YES_ERROR;
				CLANG_WARN_EMPTY_BODY = YES;
				CLANG_WARN_ENUM_CONVERSION = YES;
				CLANG_WARN_INT_CONVERSION = YES;
				CLANG_WARN_OBJC_ROOT_CLASS = YES_ERROR;
				CLANG_WARN_UNREACHABLE_CODE = YES;
				CLANG_WARN__DUPLICATE_METHOD_MATCH = YES;
				"CODE_SIGN_IDENTITY[sdk=iphoneos*]" = "iPhone Developer";
				COPY_PHASE_STRIP = NO;
				DEBUG_INFORMATION_FORMAT = "dwarf-with-dsym";
				ENABLE_NS_ASSERTIONS = NO;
				ENABLE_STRICT_OBJC_MSGSEND = YES;
				GCC_C_LANGUAGE_STANDARD = gnu99;
				GCC_NO_COMMON_BLOCKS = YES;
				GCC_WARN_64_TO_32_BIT_CONVERSION = YES;
				GCC_WARN_ABOUT_RETURN_TYPE = YES_ERROR;
				GCC_WARN_UNDECLARED_SELECTOR = YES;
				GCC_WARN_UNINITIALIZED_AUTOS = YES_AGGRESSIVE;
				GCC_WARN_UNUSED_FUNCTION = YES;
				GCC_WARN_UNUSED_VARIABLE = YES;
				IPHONEOS_DEPLOYMENT_TARGET = 9.3;
				MTL_ENABLE_DEBUG_INFO = NO;
				SDKROOT = iphoneos;
				VALIDATE_PRODUCT = YES;
			};
			name = Release;
		};
		65A18C811D1AD03100C5C886 /* Debug */ = {
			isa = XCBuildConfiguration;
			buildSettings = {
				ASSETCATALOG_COMPILER_APPICON_NAME = AppIcon;
				INFOPLIST_FILE = flybird/Info.plist;
				LD_RUNPATH_SEARCH_PATHS = "$(inherited) @executable_path/Frameworks";
				PRODUCT_BUNDLE_IDENTIFIER = com.tommy.flybird;
				PRODUCT_NAME = "$(TARGET_NAME)";
			};
			name = Debug;
		};
		65A18C821D1AD03100C5C886 /* Release */ = {
			isa = XCBuildConfiguration;
			buildSettings = {
				ASSETCATALOG_COMPILER_APPICON_NAME = AppIcon;
				INFOPLIST_FILE = flybird/Info.plist;
				LD_RUNPATH_SEARCH_PATHS = "$(inherited) @executable_path/Frameworks";
				PRODUCT_BUNDLE_IDENTIFIER = com.tommy.flybird;
				PRODUCT_NAME = "$(TARGET_NAME)";
			};
			name = Release;
		};
/* End XCBuildConfiguration section */

/* Begin XCConfigurationList section */
		65A18C651D1AD03100C5C886 /* Build configuration list for PBXProject "flybird" */ = {
			isa = XCConfigurationList;
			buildConfigurations = (
				65A18C7E1D1AD03100C5C886 /* Debug */,
				65A18C7F1D1AD03100C5C886 /* Release */,
			);
			defaultConfigurationIsVisible = 0;
			defaultConfigurationName = Release;
		};
		65A18C801D1AD03100C5C886 /* Build configuration list for PBXNativeTarget "flybird" */ = {
			isa = XCConfigurationList;
			buildConfigurations = (
				65A18C811D1AD03100C5C886 /* Debug */,
				65A18C821D1AD03100C5C886 /* Release */,
			);
			defaultConfigurationIsVisible = 0;
		};
/* End XCConfigurationList section */
	};
	rootObject = 65A18C621D1AD03100C5C886 /* Project object */;
}
